
Microsoft Visual Studio Solution File, Format Version 12.00
# Visual Studio Version 17
VisualStudioVersion = 17.5.33627.172
MinimumVisualStudioVersion = 10.0.40219.1
Project("{FAE04EC0-301F-11D3-BF4B-00C04F79EFBC}") = "B09VolleyballPlayers", "B09VolleyballPlayers\B09VolleyballPlayers.csproj", "{8EB336DC-2E42-4B4D-BB85-C5DAA1740474}"
EndProject
Project("{FAE04EC0-301F-11D3-BF4B-00C04F79EFBC}") = "B10MultidimensionalArrays", "B10MultidimensionalArrays\B10MultidimensionalArrays.csproj", "{168BE32E-B13D-459D-955C-8B3626C590B1}"
EndProject
Project("{FAE04EC0-301F-11D3-BF4B-00C04F79EFBC}") = "B12JaggedArray", "B12JaggedArray\B12JaggedArray.csproj", "{A9BCA01F-FB74-4724-A4E8-C8EA571EBD10}"
EndProject
Project("{FAE04EC0-301F-11D3-BF4B-00C04F79EFBC}") = "B13JaggedArrays", "B13JaggedArrays\B13JaggedArrays.csproj", "{8D2E2B3B-E0EB-4A5D-A149-22A8D6EBDA84}"
EndProject
Project("{FAE04EC0-301F-11D3-BF4B-00C04F79EFBC}") = "B14ListOfLists", "B14ListOfLists\B14ListOfLists.csproj", "{4536EB25-4A76-456D-93BC-5BC42087C32B}"
EndProject
Project("{FAE04EC0-301F-11D3-BF4B-00C04F79EFBC}") = "B15ConversionArraysToLists", "B15ConversionArraysToLists\B15ConversionArraysToLists.csproj", "{637D377C-D8B5-4FC0-88A4-40FC32324CA1}"
EndProject
Project("{FAE04EC0-301F-11D3-BF4B-00C04F79EFBC}") = "C01VariableTypes", "C01VariableTypes\C01VariableTypes.csproj", "{361D8487-C3E6-4D04-B024-6F3586E0A4BC}"
EndProject
Project("{FAE04EC0-301F-11D3-BF4B-00C04F79EFBC}") = "C02CustomClasses", "C02CustomClasses\C02CustomClasses.csproj", "{EADF8ECE-0F1B-46CB-B4D3-71DD2DE922C9}"
EndProject
Project("{FAE04EC0-301F-11D3-BF4B-00C04F79EFBC}") = "B04Arrays", "B04Arrays\B04Arrays.csproj", "{70F62218-C206-4429-975C-4F532ABC8699}"
EndProject
Project("{FAE04EC0-301F-11D3-BF4B-00C04F79EFBC}") = "B05EX_Arrays", "B05EX_Arrays\B05EX_Arrays.csproj", "{887689CD-DFBE-4672-A2E6-83DA00DE1702}"
EndProject
Project("{FAE04EC0-301F-11D3-BF4B-00C04F79EFBC}") = "B06ArrayAndStringConversions", "B06ArrayAndStringConversions\B06ArrayAndStringConversions.csproj", "{FA5945A2-C511-4536-98C1-B87D3E8DEC15}"
EndProject
Project("{FAE04EC0-301F-11D3-BF4B-00C04F79EFBC}") = "B07Lists", "B07Lists\B07Lists.csproj", "{7B66BC66-E9E8-4FE0-BB1E-3713DC2422AE}"
EndProject
Project("{FAE04EC0-301F-11D3-BF4B-00C04F79EFBC}") = "B08EX_Lists", "B08EX_Lists\B08EX_Lists.csproj", "{9DF2BA48-2C34-4E7D-8C3F-B1A0C05941AA}"
EndProject
Project("{FAE04EC0-301F-11D3-BF4B-00C04F79EFBC}") = "C05EXMextManager", "C05EXMextManager\C05EXMextManager.csproj", "{A50C9C5F-BA4F-491D-ADFC-51B177496B71}"
EndProject
Project("{FAE04EC0-301F-11D3-BF4B-00C04F79EFBC}") = "C06WeatherManager", "C06WeatherManager\C06WeatherManager.csproj", "{896B4B37-4BF8-479F-89BE-C62E741D4A24}"
EndProject
Project("{FAE04EC0-301F-11D3-BF4B-00C04F79EFBC}") = "HW01TextFileWordCounter", "HW01TextFileWordCounter\HW01TextFileWordCounter.csproj", "{C8D19DD8-C4B4-4317-AC80-971A029ACE7C}"
EndProject
Project("{FAE04EC0-301F-11D3-BF4B-00C04F79EFBC}") = "HW02BirthdayReminder", "HW02BirthdayReminder\HW02BirthdayReminder.csproj", "{F3593A2F-DB94-4712-B780-B6D62D9EC31B}"
EndProject
Project("{FAE04EC0-301F-11D3-BF4B-00C04F79EFBC}") = "HW03ToDoList", "HW03ToDoList\HW03ToDoList.csproj", "{70758FF5-F399-4F3C-BD3C-29C03FBFDDA2}"
EndProject
Project("{FAE04EC0-301F-11D3-BF4B-00C04F79EFBC}") = "HW04Palindrome", "HW04Palindrome\HW04Palindrome.csproj", "{31B49FE4-5077-4BF1-B3DB-23853A6D85EE}"
EndProject
Project("{FAE04EC0-301F-11D3-BF4B-00C04F79EFBC}") = "HW05PasswordStrengthChecker", "HW05PasswordStrengthChecker\HW05PasswordStrengthChecker.csproj", "{61914B6C-8813-4410-A492-3897E569409E}"
EndProject
Project("{FAE04EC0-301F-11D3-BF4B-00C04F79EFBC}") = "HW06HangmanGame", "HW06HangmanGame\HW06HangmanGame.csproj", "{3D883323-A83E-43E0-AD14-DCCACA60C247}"
EndProject
Project("{FAE04EC0-301F-11D3-BF4B-00C04F79EFBC}") = "HW07MorseCodeTransator", "HW07MorseCodeTransator\HW07MorseCodeTransator.csproj", "{F491F262-B287-43AB-8838-9DE796096882}"
EndProject
Project("{FAE04EC0-301F-11D3-BF4B-00C04F79EFBC}") = "HW08SipleFileExplorer", "HW08SipleFileExplorer\HW08SipleFileExplorer.csproj", "{428AC639-B7E3-43E8-945D-A5F91179DB86}"
EndProject
Project("{FAE04EC0-301F-11D3-BF4B-00C04F79EFBC}") = "HW09TicTacToe", "HW09TicTacToe\HW09TicTacToe.csproj", "{778D1447-F36D-48D7-8888-0CB65DCB9243}"
EndProject
Project("{FAE04EC0-301F-11D3-BF4B-00C04F79EFBC}") = "HW10ShortURLGenerator", "HW10ShortURLGenerator\HW10ShortURLGenerator.csproj", "{38907C73-8ACF-4340-A986-FC41D69BB25E}"
EndProject
Global
	GlobalSection(SolutionConfigurationPlatforms) = preSolution
		Debug|Any CPU = Debug|Any CPU
		Release|Any CPU = Release|Any CPU
	EndGlobalSection
	GlobalSection(ProjectConfigurationPlatforms) = postSolution
		{8EB336DC-2E42-4B4D-BB85-C5DAA1740474}.Debug|Any CPU.ActiveCfg = Debug|Any CPU
		{8EB336DC-2E42-4B4D-BB85-C5DAA1740474}.Debug|Any CPU.Build.0 = Debug|Any CPU
		{8EB336DC-2E42-4B4D-BB85-C5DAA1740474}.Release|Any CPU.ActiveCfg = Release|Any CPU
		{8EB336DC-2E42-4B4D-BB85-C5DAA1740474}.Release|Any CPU.Build.0 = Release|Any CPU
		{168BE32E-B13D-459D-955C-8B3626C590B1}.Debug|Any CPU.ActiveCfg = Debug|Any CPU
		{168BE32E-B13D-459D-955C-8B3626C590B1}.Debug|Any CPU.Build.0 = Debug|Any CPU
		{168BE32E-B13D-459D-955C-8B3626C590B1}.Release|Any CPU.ActiveCfg = Release|Any CPU
		{168BE32E-B13D-459D-955C-8B3626C590B1}.Release|Any CPU.Build.0 = Release|Any CPU
		{A9BCA01F-FB74-4724-A4E8-C8EA571EBD10}.Debug|Any CPU.ActiveCfg = Debug|Any CPU
		{A9BCA01F-FB74-4724-A4E8-C8EA571EBD10}.Debug|Any CPU.Build.0 = Debug|Any CPU
		{A9BCA01F-FB74-4724-A4E8-C8EA571EBD10}.Release|Any CPU.ActiveCfg = Release|Any CPU
		{A9BCA01F-FB74-4724-A4E8-C8EA571EBD10}.Release|Any CPU.Build.0 = Release|Any CPU
		{8D2E2B3B-E0EB-4A5D-A149-22A8D6EBDA84}.Debug|Any CPU.ActiveCfg = Debug|Any CPU
		{8D2E2B3B-E0EB-4A5D-A149-22A8D6EBDA84}.Debug|Any CPU.Build.0 = Debug|Any CPU
		{8D2E2B3B-E0EB-4A5D-A149-22A8D6EBDA84}.Release|Any CPU.ActiveCfg = Release|Any CPU
		{8D2E2B3B-E0EB-4A5D-A149-22A8D6EBDA84}.Release|Any CPU.Build.0 = Release|Any CPU
		{4536EB25-4A76-456D-93BC-5BC42087C32B}.Debug|Any CPU.ActiveCfg = Debug|Any CPU
		{4536EB25-4A76-456D-93BC-5BC42087C32B}.Debug|Any CPU.Build.0 = Debug|Any CPU
		{4536EB25-4A76-456D-93BC-5BC42087C32B}.Release|Any CPU.ActiveCfg = Release|Any CPU
		{4536EB25-4A76-456D-93BC-5BC42087C32B}.Release|Any CPU.Build.0 = Release|Any CPU
		{637D377C-D8B5-4FC0-88A4-40FC32324CA1}.Debug|Any CPU.ActiveCfg = Debug|Any CPU
		{637D377C-D8B5-4FC0-88A4-40FC32324CA1}.Debug|Any CPU.Build.0 = Debug|Any CPU
		{637D377C-D8B5-4FC0-88A4-40FC32324CA1}.Release|Any CPU.ActiveCfg = Release|Any CPU
		{637D377C-D8B5-4FC0-88A4-40FC32324CA1}.Release|Any CPU.Build.0 = Release|Any CPU
		{361D8487-C3E6-4D04-B024-6F3586E0A4BC}.Debug|Any CPU.ActiveCfg = Debug|Any CPU
		{361D8487-C3E6-4D04-B024-6F3586E0A4BC}.Debug|Any CPU.Build.0 = Debug|Any CPU
		{361D8487-C3E6-4D04-B024-6F3586E0A4BC}.Release|Any CPU.ActiveCfg = Release|Any CPU
		{361D8487-C3E6-4D04-B024-6F3586E0A4BC}.Release|Any CPU.Build.0 = Release|Any CPU
		{EADF8ECE-0F1B-46CB-B4D3-71DD2DE922C9}.Debug|Any CPU.ActiveCfg = Debug|Any CPU
		{EADF8ECE-0F1B-46CB-B4D3-71DD2DE922C9}.Debug|Any CPU.Build.0 = Debug|Any CPU
		{EADF8ECE-0F1B-46CB-B4D3-71DD2DE922C9}.Release|Any CPU.ActiveCfg = Release|Any CPU
		{EADF8ECE-0F1B-46CB-B4D3-71DD2DE922C9}.Release|Any CPU.Build.0 = Release|Any CPU
		{70F62218-C206-4429-975C-4F532ABC8699}.Debug|Any CPU.ActiveCfg = Debug|Any CPU
		{70F62218-C206-4429-975C-4F532ABC8699}.Debug|Any CPU.Build.0 = Debug|Any CPU
		{70F62218-C206-4429-975C-4F532ABC8699}.Release|Any CPU.ActiveCfg = Release|Any CPU
		{70F62218-C206-4429-975C-4F532ABC8699}.Release|Any CPU.Build.0 = Release|Any CPU
		{887689CD-DFBE-4672-A2E6-83DA00DE1702}.Debug|Any CPU.ActiveCfg = Debug|Any CPU
		{887689CD-DFBE-4672-A2E6-83DA00DE1702}.Debug|Any CPU.Build.0 = Debug|Any CPU
		{887689CD-DFBE-4672-A2E6-83DA00DE1702}.Release|Any CPU.ActiveCfg = Release|Any CPU
		{887689CD-DFBE-4672-A2E6-83DA00DE1702}.Release|Any CPU.Build.0 = Release|Any CPU
		{FA5945A2-C511-4536-98C1-B87D3E8DEC15}.Debug|Any CPU.ActiveCfg = Debug|Any CPU
		{FA5945A2-C511-4536-98C1-B87D3E8DEC15}.Debug|Any CPU.Build.0 = Debug|Any CPU
		{FA5945A2-C511-4536-98C1-B87D3E8DEC15}.Release|Any CPU.ActiveCfg = Release|Any CPU
		{FA5945A2-C511-4536-98C1-B87D3E8DEC15}.Release|Any CPU.Build.0 = Release|Any CPU
		{7B66BC66-E9E8-4FE0-BB1E-3713DC2422AE}.Debug|Any CPU.ActiveCfg = Debug|Any CPU
		{7B66BC66-E9E8-4FE0-BB1E-3713DC2422AE}.Debug|Any CPU.Build.0 = Debug|Any CPU
		{7B66BC66-E9E8-4FE0-BB1E-3713DC2422AE}.Release|Any CPU.ActiveCfg = Release|Any CPU
		{7B66BC66-E9E8-4FE0-BB1E-3713DC2422AE}.Release|Any CPU.Build.0 = Release|Any CPU
		{9DF2BA48-2C34-4E7D-8C3F-B1A0C05941AA}.Debug|Any CPU.ActiveCfg = Debug|Any CPU
		{9DF2BA48-2C34-4E7D-8C3F-B1A0C05941AA}.Debug|Any CPU.Build.0 = Debug|Any CPU
		{9DF2BA48-2C34-4E7D-8C3F-B1A0C05941AA}.Release|Any CPU.ActiveCfg = Release|Any CPU
		{9DF2BA48-2C34-4E7D-8C3F-B1A0C05941AA}.Release|Any CPU.Build.0 = Release|Any CPU
		{A50C9C5F-BA4F-491D-ADFC-51B177496B71}.Debug|Any CPU.ActiveCfg = Debug|Any CPU
		{A50C9C5F-BA4F-491D-ADFC-51B177496B71}.Debug|Any CPU.Build.0 = Debug|Any CPU
		{A50C9C5F-BA4F-491D-ADFC-51B177496B71}.Release|Any CPU.ActiveCfg = Release|Any CPU
		{A50C9C5F-BA4F-491D-ADFC-51B177496B71}.Release|Any CPU.Build.0 = Release|Any CPU
		{896B4B37-4BF8-479F-89BE-C62E741D4A24}.Debug|Any CPU.ActiveCfg = Debug|Any CPU
		{896B4B37-4BF8-479F-89BE-C62E741D4A24}.Debug|Any CPU.Build.0 = Debug|Any CPU
		{896B4B37-4BF8-479F-89BE-C62E741D4A24}.Release|Any CPU.ActiveCfg = Release|Any CPU
		{896B4B37-4BF8-479F-89BE-C62E741D4A24}.Release|Any CPU.Build.0 = Release|Any CPU
		{C8D19DD8-C4B4-4317-AC80-971A029ACE7C}.Debug|Any CPU.ActiveCfg = Debug|Any CPU
		{C8D19DD8-C4B4-4317-AC80-971A029ACE7C}.Debug|Any CPU.Build.0 = Debug|Any CPU
		{C8D19DD8-C4B4-4317-AC80-971A029ACE7C}.Release|Any CPU.ActiveCfg = Release|Any CPU
		{C8D19DD8-C4B4-4317-AC80-971A029ACE7C}.Release|Any CPU.Build.0 = Release|Any CPU
		{F3593A2F-DB94-4712-B780-B6D62D9EC31B}.Debug|Any CPU.ActiveCfg = Debug|Any CPU
		{F3593A2F-DB94-4712-B780-B6D62D9EC31B}.Debug|Any CPU.Build.0 = Debug|Any CPU
		{F3593A2F-DB94-4712-B780-B6D62D9EC31B}.Release|Any CPU.ActiveCfg = Release|Any CPU
		{F3593A2F-DB94-4712-B780-B6D62D9EC31B}.Release|Any CPU.Build.0 = Release|Any CPU
		{70758FF5-F399-4F3C-BD3C-29C03FBFDDA2}.Debug|Any CPU.ActiveCfg = Debug|Any CPU
		{70758FF5-F399-4F3C-BD3C-29C03FBFDDA2}.Debug|Any CPU.Build.0 = Debug|Any CPU
		{70758FF5-F399-4F3C-BD3C-29C03FBFDDA2}.Release|Any CPU.ActiveCfg = Release|Any CPU
		{70758FF5-F399-4F3C-BD3C-29C03FBFDDA2}.Release|Any CPU.Build.0 = Release|Any CPU
		{31B49FE4-5077-4BF1-B3DB-23853A6D85EE}.Debug|Any CPU.ActiveCfg = Debug|Any CPU
		{31B49FE4-5077-4BF1-B3DB-23853A6D85EE}.Debug|Any CPU.Build.0 = Debug|Any CPU
		{31B49FE4-5077-4BF1-B3DB-23853A6D85EE}.Release|Any CPU.ActiveCfg = Release|Any CPU
		{31B49FE4-5077-4BF1-B3DB-23853A6D85EE}.Release|Any CPU.Build.0 = Release|Any CPU
		{61914B6C-8813-4410-A492-3897E569409E}.Debug|Any CPU.ActiveCfg = Debug|Any CPU
		{61914B6C-8813-4410-A492-3897E569409E}.Debug|Any CPU.Build.0 = Debug|Any CPU
		{61914B6C-8813-4410-A492-3897E569409E}.Release|Any CPU.ActiveCfg = Release|Any CPU
		{61914B6C-8813-4410-A492-3897E569409E}.Release|Any CPU.Build.0 = Release|Any CPU
		{3D883323-A83E-43E0-AD14-DCCACA60C247}.Debug|Any CPU.ActiveCfg = Debug|Any CPU
		{3D883323-A83E-43E0-AD14-DCCACA60C247}.Debug|Any CPU.Build.0 = Debug|Any CPU
		{3D883323-A83E-43E0-AD14-DCCACA60C247}.Release|Any CPU.ActiveCfg = Release|Any CPU
		{3D883323-A83E-43E0-AD14-DCCACA60C247}.Release|Any CPU.Build.0 = Release|Any CPU
		{F491F262-B287-43AB-8838-9DE796096882}.Debug|Any CPU.ActiveCfg = Debug|Any CPU
		{F491F262-B287-43AB-8838-9DE796096882}.Debug|Any CPU.Build.0 = Debug|Any CPU
		{F491F262-B287-43AB-8838-9DE796096882}.Release|Any CPU.ActiveCfg = Release|Any CPU
		{F491F262-B287-43AB-8838-9DE796096882}.Release|Any CPU.Build.0 = Release|Any CPU
		{428AC639-B7E3-43E8-945D-A5F91179DB86}.Debug|Any CPU.ActiveCfg = Debug|Any CPU
		{428AC639-B7E3-43E8-945D-A5F91179DB86}.Debug|Any CPU.Build.0 = Debug|Any CPU
		{428AC639-B7E3-43E8-945D-A5F91179DB86}.Release|Any CPU.ActiveCfg = Release|Any CPU
		{428AC639-B7E3-43E8-945D-A5F91179DB86}.Release|Any CPU.Build.0 = Release|Any CPU
		{778D1447-F36D-48D7-8888-0CB65DCB9243}.Debug|Any CPU.ActiveCfg = Debug|Any CPU
		{778D1447-F36D-48D7-8888-0CB65DCB9243}.Debug|Any CPU.Build.0 = Debug|Any CPU
		{778D1447-F36D-48D7-8888-0CB65DCB9243}.Release|Any CPU.ActiveCfg = Release|Any CPU
		{778D1447-F36D-48D7-8888-0CB65DCB9243}.Release|Any CPU.Build.0 = Release|Any CPU
		{38907C73-8ACF-4340-A986-FC41D69BB25E}.Debug|Any CPU.ActiveCfg = Debug|Any CPU
		{38907C73-8ACF-4340-A986-FC41D69BB25E}.Debug|Any CPU.Build.0 = Debug|Any CPU
		{38907C73-8ACF-4340-A986-FC41D69BB25E}.Release|Any CPU.ActiveCfg = Release|Any CPU
		{38907C73-8ACF-4340-A986-FC41D69BB25E}.Release|Any CPU.Build.0 = Release|Any CPU
	EndGlobalSection
	GlobalSection(SolutionProperties) = preSolution
		HideSolutionNode = FALSE
	EndGlobalSection
	GlobalSection(ExtensibilityGlobals) = postSolution
		SolutionGuid = {F29B380E-4184-489E-86FB-8D75755FBF81}
	EndGlobalSection
EndGlobal
